
Microsoft Visual Studio Solution File, Format Version 12.00
# Visual Studio Version 17
VisualStudioVersion = 17.4.33205.214
MinimumVisualStudioVersion = 10.0.40219.1
Project("{FAE04EC0-301F-11D3-BF4B-00C04F79EFBC}") = "Game Framework", "Game Framework\Game Framework.csproj", "{E122BC48-BDE1-4BEE-850D-C3BB2163291F}"
EndProject
Global
	GlobalSection(SolutionConfigurationPlatforms) = preSolution
		Debug|Any CPU = Debug|Any CPU
		Release|Any CPU = Release|Any CPU
	EndGlobalSection
	GlobalSection(ProjectConfigurationPlatforms) = postSolution
		{E122BC48-BDE1-4BEE-850D-C3BB2163291F}.Debug|Any CPU.ActiveCfg = Debug|Any CPU
		{E122BC48-BDE1-4BEE-850D-C3BB2163291F}.Debug|Any CPU.Build.0 = Debug|Any CPU
		{E122BC48-BDE1-4BEE-850D-C3BB2163291F}.Release|Any CPU.ActiveCfg = Release|Any CPU
		{E122BC48-BDE1-4BEE-850D-C3BB2163291F}.Release|Any CPU.Build.0 = Release|Any CPU
	EndGlobalSection
	GlobalSection(SolutionProperties) = preSolution
		HideSolutionNode = FALSE
	EndGlobalSection
	GlobalSection(ExtensibilityGlobals) = postSolution
		SolutionGuid = {0EF0D4E8-83FC-4935-A3B6-77532D11AA17}
	EndGlobalSection
EndGlobal
